
Microsoft Visual Studio Solution File, Format Version 12.00
# Visual Studio 15
VisualStudioVersion = 15.0.28307.852
MinimumVisualStudioVersion = 10.0.40219.1
Project("{FAE04EC0-301F-11D3-BF4B-00C04F79EFBC}") = "VL.DlibDotNet", "VL.DlibDotNet\VL.DlibDotNet.csproj", "{F751DC5D-A539-4D36-8C55-6DCA74A15E75}"
EndProject
Global
	GlobalSection(SolutionConfigurationPlatforms) = preSolution
		Debug|Any CPU = Debug|Any CPU
		Release|Any CPU = Release|Any CPU
	EndGlobalSection
	GlobalSection(ProjectConfigurationPlatforms) = postSolution
		{F751DC5D-A539-4D36-8C55-6DCA74A15E75}.Debug|Any CPU.ActiveCfg = Debug|Any CPU
		{F751DC5D-A539-4D36-8C55-6DCA74A15E75}.Debug|Any CPU.Build.0 = Debug|Any CPU
		{F751DC5D-A539-4D36-8C55-6DCA74A15E75}.Release|Any CPU.ActiveCfg = Release|Any CPU
		{F751DC5D-A539-4D36-8C55-6DCA74A15E75}.Release|Any CPU.Build.0 = Release|Any CPU
	EndGlobalSection
	GlobalSection(SolutionProperties) = preSolution
		HideSolutionNode = FALSE
	EndGlobalSection
	GlobalSection(ExtensibilityGlobals) = postSolution
		SolutionGuid = {7C06F93D-B02A-4545-9152-023C681365C8}
	EndGlobalSection
EndGlobal
